{
  "object": {
    "pins": [
      {
        "package": "MultilineTextField",
        "repositoryURL": "https://github.com/rlaguilar/MultilineTextField.git",
        "state": {
          "branch": null,
          "revision": "9656eb1aaf13ec355f0d2b7fe3d2b5ffe2c2b318",
          "version": "1.0.0"
        }
      },
      {
        "package": "SQLite.swift",
        "repositoryURL": "https://github.com/stephencelis/SQLite.swift",
        "state": {
          "branch": null,
          "revision": "0a9893ec030501a3956bee572d6b4fdd3ae158a1",
          "version": "0.12.2"
        }
      }
    ]
  },
  "version": 1
}
